// !$*UTF8*$!
{
	archiveVersion = 1;
	classes = {
	};
	objectVersion = 46;
	objects = {

/* Begin PBXBuildFile section */
		2C14D1401DECB1BF009C9C3C /* main.m in Sources */ = {isa = PBXBuildFile; fileRef = 2C14D13F1DECB1BF009C9C3C /* main.m */; };
		2C14D1431DECB1BF009C9C3C /* AppDelegate.m in Sources */ = {isa = PBXBuildFile; fileRef = 2C14D1421DECB1BF009C9C3C /* AppDelegate.m */; };
		2C14D1461DECB1BF009C9C3C /* JackpotViewController.m in Sources */ = {isa = PBXBuildFile; fileRef = 2C14D1451DECB1BF009C9C3C /* JackpotViewController.m */; };
		2C14D1491DECB1BF009C9C3C /* Main.storyboard in Resources */ = {isa = PBXBuildFile; fileRef = 2C14D1471DECB1BF009C9C3C /* Main.storyboard */; };
		2C14D14B1DECB1BF009C9C3C /* Assets.xcassets in Resources */ = {isa = PBXBuildFile; fileRef = 2C14D14A1DECB1BF009C9C3C /* Assets.xcassets */; };
		2C14D14E1DECB1BF009C9C3C /* LaunchScreen.storyboard in Resources */ = {isa = PBXBuildFile; fileRef = 2C14D14C1DECB1BF009C9C3C /* LaunchScreen.storyboard */; };
		2C14D1571DECB39E009C9C3C /* Ticket.m in Sources */ = {isa = PBXBuildFile; fileRef = 2C14D1561DECB39E009C9C3C /* Ticket.m */; };
/* End PBXBuildFile section */

/* Begin PBXFileReference section */
		2C14D13B1DECB1BF009C9C3C /* Jackpot.app */ = {isa = PBXFileReference; explicitFileType = wrapper.application; includeInIndex = 0; path = Jackpot.app; sourceTree = BUILT_PRODUCTS_DIR; };
		2C14D13F1DECB1BF009C9C3C /* main.m */ = {isa = PBXFileReference; lastKnownFileType = sourcecode.c.objc; path = main.m; sourceTree = "<group>"; };
		2C14D1411DECB1BF009C9C3C /* AppDelegate.h */ = {isa = PBXFileReference; lastKnownFileType = sourcecode.c.h; path = AppDelegate.h; sourceTree = "<group>"; };
		2C14D1421DECB1BF009C9C3C /* AppDelegate.m */ = {isa = PBXFileReference; lastKnownFileType = sourcecode.c.objc; path = AppDelegate.m; sourceTree = "<group>"; };
		2C14D1441DECB1BF009C9C3C /* JackpotViewController.h */ = {isa = PBXFileReference; lastKnownFileType = sourcecode.c.h; path = JackpotViewController.h; sourceTree = "<group>"; };
		2C14D1451DECB1BF009C9C3C /* JackpotViewController.m */ = {isa = PBXFileReference; lastKnownFileType = sourcecode.c.objc; path = JackpotViewController.m; sourceTree = "<group>"; };
		2C14D1481DECB1BF009C9C3C /* Base */ = {isa = PBXFileReference; lastKnownFileType = file.storyboard; name = Base; path = Base.lproj/Main.storyboard; sourceTree = "<group>"; };
		2C14D14A1DECB1BF009C9C3C /* Assets.xcassets */ = {isa = PBXFileReference; lastKnownFileType = folder.assetcatalog; path = Assets.xcassets; sourceTree = "<group>"; };
		2C14D14D1DECB1BF009C9C3C /* Base */ = {isa = PBXFileReference; lastKnownFileType = file.storyboard; name = Base; path = Base.lproj/LaunchScreen.storyboard; sourceTree = "<group>"; };
		2C14D14F1DECB1BF009C9C3C /* Info.plist */ = {isa = PBXFileReference; lastKnownFileType = text.plist.xml; path = Info.plist; sourceTree = "<group>"; };
		2C14D1551DECB39E009C9C3C /* Ticket.h */ = {isa = PBXFileReference; fileEncoding = 4; lastKnownFileType = sourcecode.c.h; path = Ticket.h; sourceTree = "<group>"; };
		2C14D1561DECB39E009C9C3C /* Ticket.m */ = {isa = PBXFileReference; fileEncoding = 4; lastKnownFileType = sourcecode.c.objc; path = Ticket.m; sourceTree = "<group>"; };
/* End PBXFileReference section */

/* Begin PBXFrameworksBuildPhase section */
		2C14D1381DECB1BF009C9C3C /* Frameworks */ = {
			isa = PBXFrameworksBuildPhase;
			buildActionMask = 2147483647;
			files = (
			);
			runOnlyForDeploymentPostprocessing = 0;
		};
/* End PBXFrameworksBuildPhase section */

/* Begin PBXGroup section */
		2C14D1321DECB1BF009C9C3C = {
			isa = PBXGroup;
			children = (
				2C14D13D1DECB1BF009C9C3C /* Jackpot */,
				2C14D13C1DECB1BF009C9C3C /* Products */,
			);
			sourceTree = "<group>";
		};
		2C14D13C1DECB1BF009C9C3C /* Products */ = {
			isa = PBXGroup;
			children = (
				2C14D13B1DECB1BF009C9C3C /* Jackpot.app */,
			);
			name = Products;
			sourceTree = "<group>";
		};
		2C14D13D1DECB1BF009C9C3C /* Jackpot */ = {
			isa = PBXGroup;
			children = (
				2C14D1411DECB1BF009C9C3C /* AppDelegate.h */,
				2C14D1421DECB1BF009C9C3C /* AppDelegate.m */,
				2C14D1441DECB1BF009C9C3C /* JackpotViewController.h */,
				2C14D1451DECB1BF009C9C3C /* JackpotViewController.m */,
				2C14D1551DECB39E009C9C3C /* Ticket.h */,
				2C14D1561DECB39E009C9C3C /* Ticket.m */,
				2C14D1471DECB1BF009C9C3C /* Main.storyboard */,
				2C14D14A1DECB1BF009C9C3C /* Assets.xcassets */,
				2C14D14C1DECB1BF009C9C3C /* LaunchScreen.storyboard */,
				2C14D14F1DECB1BF009C9C3C /* Info.plist */,
				2C14D13E1DECB1BF009C9C3C /* Supporting Files */,
			);
			path = Jackpot;
			sourceTree = "<group>";
		};
		2C14D13E1DECB1BF009C9C3C /* Supporting Files */ = {
			isa = PBXGroup;
			children = (
				2C14D13F1DECB1BF009C9C3C /* main.m */,
			);
			name = "Supporting Files";
			sourceTree = "<group>";
		};
/* End PBXGroup section */

/* Begin PBXNativeTarget section */
		2C14D13A1DECB1BF009C9C3C /* Jackpot */ = {
			isa = PBXNativeTarget;
			buildConfigurationList = 2C14D1521DECB1BF009C9C3C /* Build configuration list for PBXNativeTarget "Jackpot" */;
			buildPhases = (
				2C14D1371DECB1BF009C9C3C /* Sources */,
				2C14D1381DECB1BF009C9C3C /* Frameworks */,
				2C14D1391DECB1BF009C9C3C /* Resources */,
			);
			buildRules = (
			);
			dependencies = (
			);
			name = Jackpot;
			productName = Jackpot;
			productReference = 2C14D13B1DECB1BF009C9C3C /* Jackpot.app */;
			productType = "com.apple.product-type.application";
		};
/* End PBXNativeTarget section */

/* Begin PBXProject section */
		2C14D1331DECB1BF009C9C3C /* Project object */ = {
			isa = PBXProject;
			attributes = {
				LastUpgradeCheck = 0810;
				ORGANIZATIONNAME = "The Iron Yard";
				TargetAttributes = {
					2C14D13A1DECB1BF009C9C3C = {
						CreatedOnToolsVersion = 8.1;
						ProvisioningStyle = Automatic;
					};
				};
			};
			buildConfigurationList = 2C14D1361DECB1BF009C9C3C /* Build configuration list for PBXProject "Jackpot" */;
			compatibilityVersion = "Xcode 3.2";
			developmentRegion = English;
			hasScannedForEncodings = 0;
			knownRegions = (
				en,
				Base,
			);
			mainGroup = 2C14D1321DECB1BF009C9C3C;
			productRefGroup = 2C14D13C1DECB1BF009C9C3C /* Products */;
			projectDirPath = "";
			projectRoot = "";
			targets = (
				2C14D13A1DECB1BF009C9C3C /* Jackpot */,
			);
		};
/* End PBXProject section */

/* Begin PBXResourcesBuildPhase section */
		2C14D1391DECB1BF009C9C3C /* Resources */ = {
			isa = PBXResourcesBuildPhase;
			buildActionMask = 2147483647;
			files = (
				2C14D14E1DECB1BF009C9C3C /* LaunchScreen.storyboard in Resources */,
				2C14D14B1DECB1BF009C9C3C /* Assets.xcassets in Resources */,
				2C14D1491DECB1BF009C9C3C /* Main.storyboard in Resources */,
			);
			runOnlyForDeploymentPostprocessing = 0;
		};
/* End PBXResourcesBuildPhase section */

/* Begin PBXSourcesBuildPhase section */
		2C14D1371DECB1BF009C9C3C /* Sources */ = {
			isa = PBXSourcesBuildPhase;
			buildActionMask = 2147483647;
			files = (
				2C14D1571DECB39E009C9C3C /* Ticket.m in Sources */,
				2C14D1461DECB1BF009C9C3C /* JackpotViewController.m in Sources */,
				2C14D1431DECB1BF009C9C3C /* AppDelegate.m in Sources */,
				2C14D1401DECB1BF009C9C3C /* main.m in Sources */,
			);
			runOnlyForDeploymentPostprocessing = 0;
		};
/* End PBXSourcesBuildPhase section */

/* Begin PBXVariantGroup section */
		2C14D1471DECB1BF009C9C3C /* Main.storyboard */ = {
			isa = PBXVariantGroup;
			children = (
				2C14D1481DECB1BF009C9C3C /* Base */,
			);
			name = Main.storyboard;
			sourceTree = "<group>";
		};
		2C14D14C1DECB1BF009C9C3C /* LaunchScreen.storyboard */ = {
			isa = PBXVariantGroup;
			children = (
				2C14D14D1DECB1BF009C9C3C /* Base */,
			);
			name = LaunchScreen.storyboard;
			sourceTree = "<group>";
		};
/* End PBXVariantGroup section */

/* Begin XCBuildConfiguration section */
		2C14D1501DECB1BF009C9C3C /* Debug */ = {
			isa = XCBuildConfiguration;
			buildSettings = {
				ALWAYS_SEARCH_USER_PATHS = NO;
				CLANG_ANALYZER_NONNULL = YES;
				CLANG_CXX_LANGUAGE_STANDARD = "gnu++0x";
				CLANG_CXX_LIBRARY = "libc++";
				CLANG_ENABLE_MODULES = YES;
				CLANG_ENABLE_OBJC_ARC = YES;
				CLANG_WARN_BOOL_CONVERSION = YES;
				CLANG_WARN_CONSTANT_CONVERSION = YES;
				CLANG_WARN_DIRECT_OBJC_ISA_USAGE = YES_ERROR;
				CLANG_WARN_DOCUMENTATION_COMMENTS = YES;
				CLANG_WARN_EMPTY_BODY = YES;
				CLANG_WARN_ENUM_CONVERSION = YES;
				CLANG_WARN_INFINITE_RECURSION = YES;
				CLANG_WARN_INT_CONVERSION = YES;
				CLANG_WARN_OBJC_ROOT_CLASS = YES_ERROR;
				CLANG_WARN_SUSPICIOUS_MOVES = YES;
				CLANG_WARN_UNREACHABLE_CODE = YES;
				CLANG_WARN__DUPLICATE_METHOD_MATCH = YES;
				"CODE_SIGN_IDENTITY[sdk=iphoneos*]" = "iPhone Developer";
				COPY_PHASE_STRIP = NO;
				DEBUG_INFORMATION_FORMAT = dwarf;
				ENABLE_STRICT_OBJC_MSGSEND = YES;
				ENABLE_TESTABILITY = YES;
				GCC_C_LANGUAGE_STANDARD = gnu99;
				GCC_DYNAMIC_NO_PIC = NO;
				GCC_NO_COMMON_BLOCKS = YES;
				GCC_OPTIMIZATION_LEVEL = 0;
				GCC_PREPROCESSOR_DEFINITIONS = (
					"DEBUG=1",
					"$(inherited)",
				);
				GCC_WARN_64_TO_32_BIT_CONVERSION = YES;
				GCC_WARN_ABOUT_RETURN_TYPE = YES_ERROR;
				GCC_WARN_UNDECLARED_SELECTOR = YES;
				GCC_WARN_UNINITIALIZED_AUTOS = YES_AGGRESSIVE;
				GCC_WARN_UNUSED_FUNCTION = YES;
				GCC_WARN_UNUSED_VARIABLE = YES;
				IPHONEOS_DEPLOYMENT_TARGET = 10.1;
				MTL_ENABLE_DEBUG_INFO = YES;
				ONLY_ACTIVE_ARCH = YES;
				SDKROOT = iphoneos;
			};
			name = Debug;
		};
		2C14D1511DECB1BF009C9C3C /* Release */ = {
			isa = XCBuildConfiguration;
			buildSettings = {
				ALWAYS_SEARCH_USER_PATHS = NO;
				CLANG_ANALYZER_NONNULL = YES;
				CLANG_CXX_LANGUAGE_STANDARD = "gnu++0x";
				CLANG_CXX_LIBRARY = "libc++";
				CLANG_ENABLE_MODULES = YES;
				CLANG_ENABLE_OBJC_ARC = YES;
				CLANG_WARN_BOOL_CONVERSION = YES;
				CLANG_WARN_CONSTANT_CONVERSION = YES;
				CLANG_WARN_DIRECT_OBJC_ISA_USAGE = YES_ERROR;
				CLANG_WARN_DOCUMENTATION_COMMENTS = YES;
				CLANG_WARN_EMPTY_BODY = YES;
				CLANG_WARN_ENUM_CONVERSION = YES;
				CLANG_WARN_INFINITE_RECURSION = YES;
				CLANG_WARN_INT_CONVERSION = YES;
				CLANG_WARN_OBJC_ROOT_CLASS = YES_ERROR;
				CLANG_WARN_SUSPICIOUS_MOVES = YES;
				CLANG_WARN_UNREACHABLE_CODE = YES;
				CLANG_WARN__DUPLICATE_METHOD_MATCH = YES;
				"CODE_SIGN_IDENTITY[sdk=iphoneos*]" = "iPhone Developer";
				COPY_PHASE_STRIP = NO;
				DEBUG_INFORMATION_FORMAT = "dwarf-with-dsym";
				ENABLE_NS_ASSERTIONS = NO;
				ENABLE_STRICT_OBJC_MSGSEND = YES;
				GCC_C_LANGUAGE_STANDARD = gnu99;
				GCC_NO_COMMON_BLOCKS = YES;
				GCC_WARN_64_TO_32_BIT_CONVERSION = YES;
				GCC_WARN_ABOUT_RETURN_TYPE = YES_ERROR;
				GCC_WARN_UNDECLARED_SELECTOR = YES;
				GCC_WARN_UNINITIALIZED_AUTOS = YES_AGGRESSIVE;
				GCC_WARN_UNUSED_FUNCTION = YES;
				GCC_WARN_UNUSED_VARIABLE = YES;
				IPHONEOS_DEPLOYMENT_TARGET = 10.1;
				MTL_ENABLE_DEBUG_INFO = NO;
				SDKROOT = iphoneos;
				VALIDATE_PRODUCT = YES;
			};
			name = Release;
		};
		2C14D1531DECB1BF009C9C3C /* Debug */ = {
			isa = XCBuildConfiguration;
			buildSettings = {
				ASSETCATALOG_COMPILER_APPICON_NAME = AppIcon;
				INFOPLIST_FILE = Jackpot/Info.plist;
				LD_RUNPATH_SEARCH_PATHS = "$(inherited) @executable_path/Frameworks";
				PRODUCT_BUNDLE_IDENTIFIER = com.tiy.Jackpot;
				PRODUCT_NAME = "$(TARGET_NAME)";
			};
			name = Debug;
		};
		2C14D1541DECB1BF009C9C3C /* Release */ = {
			isa = XCBuildConfiguration;
			buildSettings = {
				ASSETCATALOG_COMPILER_APPICON_NAME = AppIcon;
				INFOPLIST_FILE = Jackpot/Info.plist;
				LD_RUNPATH_SEARCH_PATHS = "$(inherited) @executable_path/Frameworks";
				PRODUCT_BUNDLE_IDENTIFIER = com.tiy.Jackpot;
				PRODUCT_NAME = "$(TARGET_NAME)";
			};
			name = Release;
		};
/* End XCBuildConfiguration section */

/* Begin XCConfigurationList section */
		2C14D1361DECB1BF009C9C3C /* Build configuration list for PBXProject "Jackpot" */ = {
			isa = XCConfigurationList;
			buildConfigurations = (
				2C14D1501DECB1BF009C9C3C /* Debug */,
				2C14D1511DECB1BF009C9C3C /* Release */,
			);
			defaultConfigurationIsVisible = 0;
			defaultConfigurationName = Release;
		};
		2C14D1521DECB1BF009C9C3C /* Build configuration list for PBXNativeTarget "Jackpot" */ = {
			isa = XCConfigurationList;
			buildConfigurations = (
				2C14D1531DECB1BF009C9C3C /* Debug */,
				2C14D1541DECB1BF009C9C3C /* Release */,
			);
			defaultConfigurationIsVisible = 0;
		};
/* End XCConfigurationList section */
	};
	rootObject = 2C14D1331DECB1BF009C9C3C /* Project object */;
}
